<?xml version="1.0" encoding="utf-8"?>
<Project ToolsVersion="4.0" xmlns="http://schemas.microsoft.com/developer/msbuild/2003">
  <ItemGroup>
    <Filter Include="inc">
      <UniqueIdentifier>{40122913-a15d-429c-9510-a55d1d5f208a}</UniqueIdentifier>
    </Filter>
    <Filter Include="src">
      <UniqueIdentifier>{36c0a06e-993d-4d3e-9726-49c92d76d548}</UniqueIdentifier>
    </Filter>
  </ItemGroup>
</Project>