<?xml version="1.0" encoding="utf-8"?>
<Project ToolsVersion="4.0" xmlns="http://schemas.microsoft.com/developer/msbuild/2003">
  <ItemGroup>
    <Filter Include="inc">
      <UniqueIdentifier>{4462e97f-74b0-4896-adbd-88acf9381efd}</UniqueIdentifier>
    </Filter>
    <Filter Include="src">
      <UniqueIdentifier>{eb68abc6-863d-4e1e-a201-fd369e8a2528}</UniqueIdentifier>
    </Filter>
    <Filter Include="message">
      <UniqueIdentifier>{c96014a0-abc6-414e-bee1-e264bcff3bc9}</UniqueIdentifier>
    </Filter>
    <Filter Include="handler">
      <UniqueIdentifier>{82f91f6a-2161-456e-8dde-f80da66021da}</UniqueIdentifier>
    </Filter>
  </ItemGroup>
  <ItemGroup>
    <ClCompile Include="..\src\meloton.cpp" />
    <ClCompile Include="..\src\NodeDetector.cpp">
      <Filter>src</Filter>
    </ClCompile>
    <ClCompile Include="..\src\NodeListener.cpp">
      <Filter>src</Filter>
    </ClCompile>
    <ClCompile Include="..\src\Variable.cpp">
      <Filter>src</Filter>
    </ClCompile>
    <ClCompile Include="..\src\ClusterSession.cpp">
      <Filter>src</Filter>
    </ClCompile>
    <ClCompile Include="..\src\CMDParameter.cpp">
      <Filter>src</Filter>
    </ClCompile>
    <ClCompile Include="..\src\MasterConnector.cpp">
      <Filter>src</Filter>
    </ClCompile>
    <ClCompile Include="..\src\MasterSession.cpp">
      <Filter>src</Filter>
    </ClCompile>
    <ClCompile Include="..\src\NodeSession.cpp">
      <Filter>src</Filter>
    </ClCompile>
    <ClCompile Include="..\src\NodeManager.cpp">
      <Filter>src</Filter>
    </ClCompile>
    <ClCompile Include="..\src\Array.cpp">
      <Filter>src</Filter>
    </ClCompile>
    <ClCompile Include="..\src\MasterHTTPListener.cpp">
      <Filter>src</Filter>
    </ClCompile>
    <ClCompile Include="..\src\MasterHTTPSession.cpp">
      <Filter>src</Filter>
    </ClCompile>
    <ClCompile Include="..\src\Path.cpp">
      <Filter>src</Filter>
    </ClCompile>
    <ClCompile Include="..\src\Error.cpp">
      <Filter>src</Filter>
    </ClCompile>
    <ClCompile Include="..\src\DirectoryMeta.cpp">
      <Filter>src</Filter>
    </ClCompile>
    <ClCompile Include="..\src\FileMeta.cpp">
      <Filter>src</Filter>
    </ClCompile>
    <ClCompile Include="..\src\BlockMeta.cpp">
      <Filter>src</Filter>
    </ClCompile>
    <ClCompile Include="..\src\NodeMeta.cpp">
      <Filter>src</Filter>
    </ClCompile>
    <ClCompile Include="..\src\FS.cpp">
      <Filter>src</Filter>
    </ClCompile>
    <ClCompile Include="..\src\BlockDistributer.cpp">
      <Filter>src</Filter>
    </ClCompile>
    <ClCompile Include="..\src\RequestTokenTable.cpp">
      <Filter>src</Filter>
    </ClCompile>
    <ClCompile Include="..\src\BlockTable.cpp">
      <Filter>src</Filter>
    </ClCompile>
    <ClCompile Include="..\src\ClientListener.cpp">
      <Filter>src</Filter>
    </ClCompile>
    <ClCompile Include="..\src\ClientManager.cpp">
      <Filter>src</Filter>
    </ClCompile>
    <ClCompile Include="..\message\MessageAccept.pb.cc">
      <Filter>message</Filter>
    </ClCompile>
    <ClCompile Include="..\message\MessageActionError.pb.cc">
      <Filter>message</Filter>
    </ClCompile>
    <ClCompile Include="..\message\MessageAlive.pb.cc">
      <Filter>message</Filter>
    </ClCompile>
    <ClCompile Include="..\message\MessageBlockData.pb.cc">
      <Filter>message</Filter>
    </ClCompile>
    <ClCompile Include="..\message\MessageGet.pb.cc">
      <Filter>message</Filter>
    </ClCompile>
    <ClCompile Include="..\message\MessagePut.pb.cc">
      <Filter>message</Filter>
    </ClCompile>
    <ClCompile Include="..\message\MessageRegister.pb.cc">
      <Filter>message</Filter>
    </ClCompile>
    <ClCompile Include="..\message\MessageRequestGet.pb.cc">
      <Filter>message</Filter>
    </ClCompile>
    <ClCompile Include="..\message\MessageRequestGetToken.pb.cc">
      <Filter>message</Filter>
    </ClCompile>
    <ClCompile Include="..\message\MessageRequestPut.pb.cc">
      <Filter>message</Filter>
    </ClCompile>
    <ClCompile Include="..\message\MessageRequestPutToken.pb.cc">
      <Filter>message</Filter>
    </ClCompile>
    <ClCompile Include="..\message\MessageToken.pb.cc">
      <Filter>message</Filter>
    </ClCompile>
    <ClCompile Include="..\message\MessageTokenACK.pb.cc">
      <Filter>message</Filter>
    </ClCompile>
    <ClCompile Include="..\message\MessageUpdateBlock.pb.cc">
      <Filter>message</Filter>
    </ClCompile>
    <ClCompile Include="..\src\TokenPool.cpp">
      <Filter>src</Filter>
    </ClCompile>
    <ClCompile Include="..\src\ClientSession.cpp">
      <Filter>src</Filter>
    </ClCompile>
    <ClCompile Include="..\message\MessageSyncBlock.pb.cc">
      <Filter>message</Filter>
    </ClCompile>
  </ItemGroup>
  <ItemGroup>
    <ClInclude Include="..\inc\NodeDetector.h">
      <Filter>inc</Filter>
    </ClInclude>
    <ClInclude Include="..\inc\NodeListener.h">
      <Filter>inc</Filter>
    </ClInclude>
    <ClInclude Include="..\inc\Variable.h">
      <Filter>inc</Filter>
    </ClInclude>
    <ClInclude Include="..\inc\meloton.h">
      <Filter>inc</Filter>
    </ClInclude>
    <ClInclude Include="..\inc\ClusterSession.h">
      <Filter>inc</Filter>
    </ClInclude>
    <ClInclude Include="..\inc\CMDParameter.h">
      <Filter>inc</Filter>
    </ClInclude>
    <ClInclude Include="..\inc\MasterConnector.h">
      <Filter>inc</Filter>
    </ClInclude>
    <ClInclude Include="..\inc\MasterSession.h">
      <Filter>inc</Filter>
    </ClInclude>
    <ClInclude Include="..\inc\NodeSession.h">
      <Filter>inc</Filter>
    </ClInclude>
    <ClInclude Include="..\inc\NodeManager.h">
      <Filter>inc</Filter>
    </ClInclude>
    <ClInclude Include="..\inc\Array.h">
      <Filter>inc</Filter>
    </ClInclude>
    <ClInclude Include="..\inc\MasterConfig.h">
      <Filter>inc</Filter>
    </ClInclude>
    <ClInclude Include="..\inc\MasterHTTPListener.h">
      <Filter>inc</Filter>
    </ClInclude>
    <ClInclude Include="..\inc\MasterHTTPSession.h">
      <Filter>inc</Filter>
    </ClInclude>
    <ClInclude Include="..\handler\MessageAcceptHandler.h">
      <Filter>handler</Filter>
    </ClInclude>
    <ClInclude Include="..\handler\MessageAliveHandler.h">
      <Filter>handler</Filter>
    </ClInclude>
    <ClInclude Include="..\handler\MessageBlockDataHandler.h">
      <Filter>handler</Filter>
    </ClInclude>
    <ClInclude Include="..\handler\MessageGetHandler.h">
      <Filter>handler</Filter>
    </ClInclude>
    <ClInclude Include="..\handler\MessagePutHandler.h">
      <Filter>handler</Filter>
    </ClInclude>
    <ClInclude Include="..\handler\MessageRegisterHandler.h">
      <Filter>handler</Filter>
    </ClInclude>
    <ClInclude Include="..\handler\MessageTokenHandler.h">
      <Filter>handler</Filter>
    </ClInclude>
    <ClInclude Include="..\handler\MessageUpdateBlockHandler.h">
      <Filter>handler</Filter>
    </ClInclude>
    <ClInclude Include="..\handler\MessageUtils.h">
      <Filter>handler</Filter>
    </ClInclude>
    <ClInclude Include="..\inc\Path.h">
      <Filter>inc</Filter>
    </ClInclude>
    <ClInclude Include="..\inc\Error.h">
      <Filter>inc</Filter>
    </ClInclude>
    <ClInclude Include="..\inc\DirectoryMeta.h">
      <Filter>inc</Filter>
    </ClInclude>
    <ClInclude Include="..\inc\FileMeta.h">
      <Filter>inc</Filter>
    </ClInclude>
    <ClInclude Include="..\inc\Utils.h">
      <Filter>inc</Filter>
    </ClInclude>
    <ClInclude Include="..\inc\BlockMeta.h">
      <Filter>inc</Filter>
    </ClInclude>
    <ClInclude Include="..\inc\NodeMeta.h">
      <Filter>inc</Filter>
    </ClInclude>
    <ClInclude Include="..\inc\FS.h">
      <Filter>inc</Filter>
    </ClInclude>
    <ClInclude Include="..\handler\MessageRequestGetHandler.h">
      <Filter>handler</Filter>
    </ClInclude>
    <ClInclude Include="..\handler\MessageRequestPutHandler.h">
      <Filter>handler</Filter>
    </ClInclude>
    <ClInclude Include="..\inc\ErrDef.h">
      <Filter>inc</Filter>
    </ClInclude>
    <ClInclude Include="..\inc\BlockDistributer.h">
      <Filter>inc</Filter>
    </ClInclude>
    <ClInclude Include="..\handler\MessageRequestGetTokenHandler.h">
      <Filter>handler</Filter>
    </ClInclude>
    <ClInclude Include="..\inc\RequestTokenTable.h">
      <Filter>inc</Filter>
    </ClInclude>
    <ClInclude Include="..\handler\MessageActionErrorHandler.h">
      <Filter>handler</Filter>
    </ClInclude>
    <ClInclude Include="..\handler\MessageRequestPutTokenHandler.h">
      <Filter>handler</Filter>
    </ClInclude>
    <ClInclude Include="..\inc\BlockTable.h">
      <Filter>inc</Filter>
    </ClInclude>
    <ClInclude Include="..\inc\BlockIndex.h">
      <Filter>inc</Filter>
    </ClInclude>
    <ClInclude Include="..\inc\TokenPool.h">
      <Filter>inc</Filter>
    </ClInclude>
    <ClInclude Include="..\inc\ClientListener.h">
      <Filter>inc</Filter>
    </ClInclude>
    <ClInclude Include="..\inc\ClientSession.h">
      <Filter>inc</Filter>
    </ClInclude>
    <ClInclude Include="..\inc\ClientManager.h">
      <Filter>inc</Filter>
    </ClInclude>
    <ClInclude Include="..\handler\MessageTokenACKHandler.h">
      <Filter>handler</Filter>
    </ClInclude>
    <ClInclude Include="..\message\MessageAccept.pb.h">
      <Filter>message</Filter>
    </ClInclude>
    <ClInclude Include="..\message\MessageActionError.pb.h">
      <Filter>message</Filter>
    </ClInclude>
    <ClInclude Include="..\message\MessageAlive.pb.h">
      <Filter>message</Filter>
    </ClInclude>
    <ClInclude Include="..\message\MessageBlockData.pb.h">
      <Filter>message</Filter>
    </ClInclude>
    <ClInclude Include="..\message\MessageGet.pb.h">
      <Filter>message</Filter>
    </ClInclude>
    <ClInclude Include="..\message\MessagePut.pb.h">
      <Filter>message</Filter>
    </ClInclude>
    <ClInclude Include="..\message\MessageRegister.pb.h">
      <Filter>message</Filter>
    </ClInclude>
    <ClInclude Include="..\message\MessageRequestGet.pb.h">
      <Filter>message</Filter>
    </ClInclude>
    <ClInclude Include="..\message\MessageRequestGetToken.pb.h">
      <Filter>message</Filter>
    </ClInclude>
    <ClInclude Include="..\message\MessageRequestPut.pb.h">
      <Filter>message</Filter>
    </ClInclude>
    <ClInclude Include="..\message\MessageRequestPutToken.pb.h">
      <Filter>message</Filter>
    </ClInclude>
    <ClInclude Include="..\message\MessageToken.pb.h">
      <Filter>message</Filter>
    </ClInclude>
    <ClInclude Include="..\message\MessageTokenACK.pb.h">
      <Filter>message</Filter>
    </ClInclude>
    <ClInclude Include="..\message\MessageUpdateBlock.pb.h">
      <Filter>message</Filter>
    </ClInclude>
    <ClInclude Include="..\inc\TokenMeta.h">
      <Filter>inc</Filter>
    </ClInclude>
    <ClInclude Include="..\handler\MessageSyncBlockHandler.h">
      <Filter>handler</Filter>
    </ClInclude>
    <ClInclude Include="..\message\MessageSyncBlock.pb.h">
      <Filter>message</Filter>
    </ClInclude>
    <ClInclude Include="..\inc\PoolManager.h">
      <Filter>inc</Filter>
    </ClInclude>
  </ItemGroup>
</Project>